// !$*UTF8*$!
{
	archiveVersion = 1;
	classes = {
	};
	objectVersion = 50;
	objects = {

/* Begin PBXBuildFile section */
		6FF9702F23E97281001B8D71 /* AppDelegate.swift in Sources */ = {isa = PBXBuildFile; fileRef = 6FF9702E23E97281001B8D71 /* AppDelegate.swift */; };
		6FF9703123E97281001B8D71 /* ViewController.swift in Sources */ = {isa = PBXBuildFile; fileRef = 6FF9703023E97281001B8D71 /* ViewController.swift */; };
		6FF9703423E97281001B8D71 /* Main.storyboard in Resources */ = {isa = PBXBuildFile; fileRef = 6FF9703223E97281001B8D71 /* Main.storyboard */; };
		6FF9703623E97288001B8D71 /* Assets.xcassets in Resources */ = {isa = PBXBuildFile; fileRef = 6FF9703523E97288001B8D71 /* Assets.xcassets */; };
		6FF9703923E97288001B8D71 /* LaunchScreen.storyboard in Resources */ = {isa = PBXBuildFile; fileRef = 6FF9703723E97288001B8D71 /* LaunchScreen.storyboard */; };
		6FF9704423E97288001B8D71 /* TechPodTests.swift in Sources */ = {isa = PBXBuildFile; fileRef = 6FF9704323E97288001B8D71 /* TechPodTests.swift */; };
		6FF9704F23E97288001B8D71 /* TechPodUITests.swift in Sources */ = {isa = PBXBuildFile; fileRef = 6FF9704E23E97288001B8D71 /* TechPodUITests.swift */; };
/* End PBXBuildFile section */

/* Begin PBXContainerItemProxy section */
		6FF9704023E97288001B8D71 /* PBXContainerItemProxy */ = {
			isa = PBXContainerItemProxy;
			containerPortal = 6FF9702323E97281001B8D71 /* Project object */;
			proxyType = 1;
			remoteGlobalIDString = 6FF9702A23E97281001B8D71;
			remoteInfo = TechPod;
		};
		6FF9704B23E97288001B8D71 /* PBXContainerItemProxy */ = {
			isa = PBXContainerItemProxy;
			containerPortal = 6FF9702323E97281001B8D71 /* Project object */;
			proxyType = 1;
			remoteGlobalIDString = 6FF9702A23E97281001B8D71;
			remoteInfo = TechPod;
		};
/* End PBXContainerItemProxy section */

/* Begin PBXFileReference section */
		6FF9702B23E97281001B8D71 /* TechPod.app */ = {isa = PBXFileReference; explicitFileType = wrapper.application; includeInIndex = 0; path = TechPod.app; sourceTree = BUILT_PRODUCTS_DIR; };
		6FF9702E23E97281001B8D71 /* AppDelegate.swift */ = {isa = PBXFileReference; lastKnownFileType = sourcecode.swift; path = AppDelegate.swift; sourceTree = "<group>"; };
		6FF9703023E97281001B8D71 /* ViewController.swift */ = {isa = PBXFileReference; lastKnownFileType = sourcecode.swift; path = ViewController.swift; sourceTree = "<group>"; };
		6FF9703323E97281001B8D71 /* Base */ = {isa = PBXFileReference; lastKnownFileType = file.storyboard; name = Base; path = Base.lproj/Main.storyboard; sourceTree = "<group>"; };
		6FF9703523E97288001B8D71 /* Assets.xcassets */ = {isa = PBXFileReference; lastKnownFileType = folder.assetcatalog; path = Assets.xcassets; sourceTree = "<group>"; };
		6FF9703823E97288001B8D71 /* Base */ = {isa = PBXFileReference; lastKnownFileType = file.storyboard; name = Base; path = Base.lproj/LaunchScreen.storyboard; sourceTree = "<group>"; };
		6FF9703A23E97288001B8D71 /* Info.plist */ = {isa = PBXFileReference; lastKnownFileType = text.plist.xml; path = Info.plist; sourceTree = "<group>"; };
		6FF9703F23E97288001B8D71 /* TechPodTests.xctest */ = {isa = PBXFileReference; explicitFileType = wrapper.cfbundle; includeInIndex = 0; path = TechPodTests.xctest; sourceTree = BUILT_PRODUCTS_DIR; };
		6FF9704323E97288001B8D71 /* TechPodTests.swift */ = {isa = PBXFileReference; lastKnownFileType = sourcecode.swift; path = TechPodTests.swift; sourceTree = "<group>"; };
		6FF9704523E97288001B8D71 /* Info.plist */ = {isa = PBXFileReference; lastKnownFileType = text.plist.xml; path = Info.plist; sourceTree = "<group>"; };
		6FF9704A23E97288001B8D71 /* TechPodUITests.xctest */ = {isa = PBXFileReference; explicitFileType = wrapper.cfbundle; includeInIndex = 0; path = TechPodUITests.xctest; sourceTree = BUILT_PRODUCTS_DIR; };
		6FF9704E23E97288001B8D71 /* TechPodUITests.swift */ = {isa = PBXFileReference; lastKnownFileType = sourcecode.swift; path = TechPodUITests.swift; sourceTree = "<group>"; };
		6FF9705023E97288001B8D71 /* Info.plist */ = {isa = PBXFileReference; lastKnownFileType = text.plist.xml; path = Info.plist; sourceTree = "<group>"; };
/* End PBXFileReference section */

/* Begin PBXFrameworksBuildPhase section */
		6FF9702823E97281001B8D71 /* Frameworks */ = {
			isa = PBXFrameworksBuildPhase;
			buildActionMask = 2147483647;
			files = (
			);
			runOnlyForDeploymentPostprocessing = 0;
		};
		6FF9703C23E97288001B8D71 /* Frameworks */ = {
			isa = PBXFrameworksBuildPhase;
			buildActionMask = 2147483647;
			files = (
			);
			runOnlyForDeploymentPostprocessing = 0;
		};
		6FF9704723E97288001B8D71 /* Frameworks */ = {
			isa = PBXFrameworksBuildPhase;
			buildActionMask = 2147483647;
			files = (
			);
			runOnlyForDeploymentPostprocessing = 0;
		};
/* End PBXFrameworksBuildPhase section */

/* Begin PBXGroup section */
		6FF9702223E97281001B8D71 = {
			isa = PBXGroup;
			children = (
				6FF9702D23E97281001B8D71 /* TechPod */,
				6FF9704223E97288001B8D71 /* TechPodTests */,
				6FF9704D23E97288001B8D71 /* TechPodUITests */,
				6FF9702C23E97281001B8D71 /* Products */,
			);
			sourceTree = "<group>";
		};
		6FF9702C23E97281001B8D71 /* Products */ = {
			isa = PBXGroup;
			children = (
				6FF9702B23E97281001B8D71 /* TechPod.app */,
				6FF9703F23E97288001B8D71 /* TechPodTests.xctest */,
				6FF9704A23E97288001B8D71 /* TechPodUITests.xctest */,
			);
			name = Products;
			sourceTree = "<group>";
		};
		6FF9702D23E97281001B8D71 /* TechPod */ = {
			isa = PBXGroup;
			children = (
				6FF9702E23E97281001B8D71 /* AppDelegate.swift */,
				6FF9703023E97281001B8D71 /* ViewController.swift */,
				6FF9703223E97281001B8D71 /* Main.storyboard */,
				6FF9703523E97288001B8D71 /* Assets.xcassets */,
				6FF9703723E97288001B8D71 /* LaunchScreen.storyboard */,
				6FF9703A23E97288001B8D71 /* Info.plist */,
			);
			path = TechPod;
			sourceTree = "<group>";
		};
		6FF9704223E97288001B8D71 /* TechPodTests */ = {
			isa = PBXGroup;
			children = (
				6FF9704323E97288001B8D71 /* TechPodTests.swift */,
				6FF9704523E97288001B8D71 /* Info.plist */,
			);
			path = TechPodTests;
			sourceTree = "<group>";
		};
		6FF9704D23E97288001B8D71 /* TechPodUITests */ = {
			isa = PBXGroup;
			children = (
				6FF9704E23E97288001B8D71 /* TechPodUITests.swift */,
				6FF9705023E97288001B8D71 /* Info.plist */,
			);
			path = TechPodUITests;
			sourceTree = "<group>";
		};
/* End PBXGroup section */

/* Begin PBXNativeTarget section */
		6FF9702A23E97281001B8D71 /* TechPod */ = {
			isa = PBXNativeTarget;
			buildConfigurationList = 6FF9705323E97288001B8D71 /* Build configuration list for PBXNativeTarget "TechPod" */;
			buildPhases = (
				6FF9702723E97281001B8D71 /* Sources */,
				6FF9702823E97281001B8D71 /* Frameworks */,
				6FF9702923E97281001B8D71 /* Resources */,
			);
			buildRules = (
			);
			dependencies = (
			);
			name = TechPod;
			productName = TechPod;
			productReference = 6FF9702B23E97281001B8D71 /* TechPod.app */;
			productType = "com.apple.product-type.application";
		};
		6FF9703E23E97288001B8D71 /* TechPodTests */ = {
			isa = PBXNativeTarget;
			buildConfigurationList = 6FF9705623E97288001B8D71 /* Build configuration list for PBXNativeTarget "TechPodTests" */;
			buildPhases = (
				6FF9703B23E97288001B8D71 /* Sources */,
				6FF9703C23E97288001B8D71 /* Frameworks */,
				6FF9703D23E97288001B8D71 /* Resources */,
			);
			buildRules = (
			);
			dependencies = (
				6FF9704123E97288001B8D71 /* PBXTargetDependency */,
			);
			name = TechPodTests;
			productName = TechPodTests;
			productReference = 6FF9703F23E97288001B8D71 /* TechPodTests.xctest */;
			productType = "com.apple.product-type.bundle.unit-test";
		};
		6FF9704923E97288001B8D71 /* TechPodUITests */ = {
			isa = PBXNativeTarget;
			buildConfigurationList = 6FF9705923E97288001B8D71 /* Build configuration list for PBXNativeTarget "TechPodUITests" */;
			buildPhases = (
				6FF9704623E97288001B8D71 /* Sources */,
				6FF9704723E97288001B8D71 /* Frameworks */,
				6FF9704823E97288001B8D71 /* Resources */,
			);
			buildRules = (
			);
			dependencies = (
				6FF9704C23E97288001B8D71 /* PBXTargetDependency */,
			);
			name = TechPodUITests;
			productName = TechPodUITests;
			productReference = 6FF9704A23E97288001B8D71 /* TechPodUITests.xctest */;
			productType = "com.apple.product-type.bundle.ui-testing";
		};
/* End PBXNativeTarget section */

/* Begin PBXProject section */
		6FF9702323E97281001B8D71 /* Project object */ = {
			isa = PBXProject;
			attributes = {
				LastSwiftUpdateCheck = 1010;
				LastUpgradeCheck = 1010;
				ORGANIZATIONNAME = Erepyon;
				TargetAttributes = {
					6FF9702A23E97281001B8D71 = {
						CreatedOnToolsVersion = 10.1;
					};
					6FF9703E23E97288001B8D71 = {
						CreatedOnToolsVersion = 10.1;
						TestTargetID = 6FF9702A23E97281001B8D71;
					};
					6FF9704923E97288001B8D71 = {
						CreatedOnToolsVersion = 10.1;
						TestTargetID = 6FF9702A23E97281001B8D71;
					};
				};
			};
			buildConfigurationList = 6FF9702623E97281001B8D71 /* Build configuration list for PBXProject "TechPod" */;
			compatibilityVersion = "Xcode 9.3";
			developmentRegion = en;
			hasScannedForEncodings = 0;
			knownRegions = (
				en,
				Base,
			);
			mainGroup = 6FF9702223E97281001B8D71;
			productRefGroup = 6FF9702C23E97281001B8D71 /* Products */;
			projectDirPath = "";
			projectRoot = "";
			targets = (
				6FF9702A23E97281001B8D71 /* TechPod */,
				6FF9703E23E97288001B8D71 /* TechPodTests */,
				6FF9704923E97288001B8D71 /* TechPodUITests */,
			);
		};
/* End PBXProject section */

/* Begin PBXResourcesBuildPhase section */
		6FF9702923E97281001B8D71 /* Resources */ = {
			isa = PBXResourcesBuildPhase;
			buildActionMask = 2147483647;
			files = (
				6FF9703923E97288001B8D71 /* LaunchScreen.storyboard in Resources */,
				6FF9703623E97288001B8D71 /* Assets.xcassets in Resources */,
				6FF9703423E97281001B8D71 /* Main.storyboard in Resources */,
			);
			runOnlyForDeploymentPostprocessing = 0;
		};
		6FF9703D23E97288001B8D71 /* Resources */ = {
			isa = PBXResourcesBuildPhase;
			buildActionMask = 2147483647;
			files = (
			);
			runOnlyForDeploymentPostprocessing = 0;
		};
		6FF9704823E97288001B8D71 /* Resources */ = {
			isa = PBXResourcesBuildPhase;
			buildActionMask = 2147483647;
			files = (
			);
			runOnlyForDeploymentPostprocessing = 0;
		};
/* End PBXResourcesBuildPhase section */

/* Begin PBXSourcesBuildPhase section */
		6FF9702723E97281001B8D71 /* Sources */ = {
			isa = PBXSourcesBuildPhase;
			buildActionMask = 2147483647;
			files = (
				6FF9703123E97281001B8D71 /* ViewController.swift in Sources */,
				6FF9702F23E97281001B8D71 /* AppDelegate.swift in Sources */,
			);
			runOnlyForDeploymentPostprocessing = 0;
		};
		6FF9703B23E97288001B8D71 /* Sources */ = {
			isa = PBXSourcesBuildPhase;
			buildActionMask = 2147483647;
			files = (
				6FF9704423E97288001B8D71 /* TechPodTests.swift in Sources */,
			);
			runOnlyForDeploymentPostprocessing = 0;
		};
		6FF9704623E97288001B8D71 /* Sources */ = {
			isa = PBXSourcesBuildPhase;
			buildActionMask = 2147483647;
			files = (
				6FF9704F23E97288001B8D71 /* TechPodUITests.swift in Sources */,
			);
			runOnlyForDeploymentPostprocessing = 0;
		};
/* End PBXSourcesBuildPhase section */

/* Begin PBXTargetDependency section */
		6FF9704123E97288001B8D71 /* PBXTargetDependency */ = {
			isa = PBXTargetDependency;
			target = 6FF9702A23E97281001B8D71 /* TechPod */;
			targetProxy = 6FF9704023E97288001B8D71 /* PBXContainerItemProxy */;
		};
		6FF9704C23E97288001B8D71 /* PBXTargetDependency */ = {
			isa = PBXTargetDependency;
			target = 6FF9702A23E97281001B8D71 /* TechPod */;
			targetProxy = 6FF9704B23E97288001B8D71 /* PBXContainerItemProxy */;
		};
/* End PBXTargetDependency section */

/* Begin PBXVariantGroup section */
		6FF9703223E97281001B8D71 /* Main.storyboard */ = {
			isa = PBXVariantGroup;
			children = (
				6FF9703323E97281001B8D71 /* Base */,
			);
			name = Main.storyboard;
			sourceTree = "<group>";
		};
		6FF9703723E97288001B8D71 /* LaunchScreen.storyboard */ = {
			isa = PBXVariantGroup;
			children = (
				6FF9703823E97288001B8D71 /* Base */,
			);
			name = LaunchScreen.storyboard;
			sourceTree = "<group>";
		};
/* End PBXVariantGroup section */

/* Begin XCBuildConfiguration section */
		6FF9705123E97288001B8D71 /* Debug */ = {
			isa = XCBuildConfiguration;
			buildSettings = {
				ALWAYS_SEARCH_USER_PATHS = NO;
				CLANG_ANALYZER_NONNULL = YES;
				CLANG_ANALYZER_NUMBER_OBJECT_CONVERSION = YES_AGGRESSIVE;
				CLANG_CXX_LANGUAGE_STANDARD = "gnu++14";
				CLANG_CXX_LIBRARY = "libc++";
				CLANG_ENABLE_MODULES = YES;
				CLANG_ENABLE_OBJC_ARC = YES;
				CLANG_ENABLE_OBJC_WEAK = YES;
				CLANG_WARN_BLOCK_CAPTURE_AUTORELEASING = YES;
				CLANG_WARN_BOOL_CONVERSION = YES;
				CLANG_WARN_COMMA = YES;
				CLANG_WARN_CONSTANT_CONVERSION = YES;
				CLANG_WARN_DEPRECATED_OBJC_IMPLEMENTATIONS = YES;
				CLANG_WARN_DIRECT_OBJC_ISA_USAGE = YES_ERROR;
				CLANG_WARN_DOCUMENTATION_COMMENTS = YES;
				CLANG_WARN_EMPTY_BODY = YES;
				CLANG_WARN_ENUM_CONVERSION = YES;
				CLANG_WARN_INFINITE_RECURSION = YES;
				CLANG_WARN_INT_CONVERSION = YES;
				CLANG_WARN_NON_LITERAL_NULL_CONVERSION = YES;
				CLANG_WARN_OBJC_IMPLICIT_RETAIN_SELF = YES;
				CLANG_WARN_OBJC_LITERAL_CONVERSION = YES;
				CLANG_WARN_OBJC_ROOT_CLASS = YES_ERROR;
				CLANG_WARN_RANGE_LOOP_ANALYSIS = YES;
				CLANG_WARN_STRICT_PROTOTYPES = YES;
				CLANG_WARN_SUSPICIOUS_MOVE = YES;
				CLANG_WARN_UNGUARDED_AVAILABILITY = YES_AGGRESSIVE;
				CLANG_WARN_UNREACHABLE_CODE = YES;
				CLANG_WARN__DUPLICATE_METHOD_MATCH = YES;
				CODE_SIGN_IDENTITY = "iPhone Developer";
				COPY_PHASE_STRIP = NO;
				DEBUG_INFORMATION_FORMAT = dwarf;
				ENABLE_STRICT_OBJC_MSGSEND = YES;
				ENABLE_TESTABILITY = YES;
				GCC_C_LANGUAGE_STANDARD = gnu11;
				GCC_DYNAMIC_NO_PIC = NO;
				GCC_NO_COMMON_BLOCKS = YES;
				GCC_OPTIMIZATION_LEVEL = 0;
				GCC_PREPROCESSOR_DEFINITIONS = (
					"DEBUG=1",
					"$(inherited)",
				);
				GCC_WARN_64_TO_32_BIT_CONVERSION = YES;
				GCC_WARN_ABOUT_RETURN_TYPE = YES_ERROR;
				GCC_WARN_UNDECLARED_SELECTOR = YES;
				GCC_WARN_UNINITIALIZED_AUTOS = YES_AGGRESSIVE;
				GCC_WARN_UNUSED_FUNCTION = YES;
				GCC_WARN_UNUSED_VARIABLE = YES;
				IPHONEOS_DEPLOYMENT_TARGET = 12.1;
				MTL_ENABLE_DEBUG_INFO = INCLUDE_SOURCE;
				MTL_FAST_MATH = YES;
				ONLY_ACTIVE_ARCH = YES;
				SDKROOT = iphoneos;
				SWIFT_ACTIVE_COMPILATION_CONDITIONS = DEBUG;
				SWIFT_OPTIMIZATION_LEVEL = "-Onone";
			};
			name = Debug;
		};
		6FF9705223E97288001B8D71 /* Release */ = {
			isa = XCBuildConfiguration;
			buildSettings = {
				ALWAYS_SEARCH_USER_PATHS = NO;
				CLANG_ANALYZER_NONNULL = YES;
				CLANG_ANALYZER_NUMBER_OBJECT_CONVERSION = YES_AGGRESSIVE;
				CLANG_CXX_LANGUAGE_STANDARD = "gnu++14";
				CLANG_CXX_LIBRARY = "libc++";
				CLANG_ENABLE_MODULES = YES;
				CLANG_ENABLE_OBJC_ARC = YES;
				CLANG_ENABLE_OBJC_WEAK = YES;
				CLANG_WARN_BLOCK_CAPTURE_AUTORELEASING = YES;
				CLANG_WARN_BOOL_CONVERSION = YES;
				CLANG_WARN_COMMA = YES;
				CLANG_WARN_CONSTANT_CONVERSION = YES;
				CLANG_WARN_DEPRECATED_OBJC_IMPLEMENTATIONS = YES;
				CLANG_WARN_DIRECT_OBJC_ISA_USAGE = YES_ERROR;
				CLANG_WARN_DOCUMENTATION_COMMENTS = YES;
				CLANG_WARN_EMPTY_BODY = YES;
				CLANG_WARN_ENUM_CONVERSION = YES;
				CLANG_WARN_INFINITE_RECURSION = YES;
				CLANG_WARN_INT_CONVERSION = YES;
				CLANG_WARN_NON_LITERAL_NULL_CONVERSION = YES;
				CLANG_WARN_OBJC_IMPLICIT_RETAIN_SELF = YES;
				CLANG_WARN_OBJC_LITERAL_CONVERSION = YES;
				CLANG_WARN_OBJC_ROOT_CLASS = YES_ERROR;
				CLANG_WARN_RANGE_LOOP_ANALYSIS = YES;
				CLANG_WARN_STRICT_PROTOTYPES = YES;
				CLANG_WARN_SUSPICIOUS_MOVE = YES;
				CLANG_WARN_UNGUARDED_AVAILABILITY = YES_AGGRESSIVE;
				CLANG_WARN_UNREACHABLE_CODE = YES;
				CLANG_WARN__DUPLICATE_METHOD_MATCH = YES;
				CODE_SIGN_IDENTITY = "iPhone Developer";
				COPY_PHASE_STRIP = NO;
				DEBUG_INFORMATION_FORMAT = "dwarf-with-dsym";
				ENABLE_NS_ASSERTIONS = NO;
				ENABLE_STRICT_OBJC_MSGSEND = YES;
				GCC_C_LANGUAGE_STANDARD = gnu11;
				GCC_NO_COMMON_BLOCKS = YES;
				GCC_WARN_64_TO_32_BIT_CONVERSION = YES;
				GCC_WARN_ABOUT_RETURN_TYPE = YES_ERROR;
				GCC_WARN_UNDECLARED_SELECTOR = YES;
				GCC_WARN_UNINITIALIZED_AUTOS = YES_AGGRESSIVE;
				GCC_WARN_UNUSED_FUNCTION = YES;
				GCC_WARN_UNUSED_VARIABLE = YES;
				IPHONEOS_DEPLOYMENT_TARGET = 12.1;
				MTL_ENABLE_DEBUG_INFO = NO;
				MTL_FAST_MATH = YES;
				SDKROOT = iphoneos;
				SWIFT_COMPILATION_MODE = wholemodule;
				SWIFT_OPTIMIZATION_LEVEL = "-O";
				VALIDATE_PRODUCT = YES;
			};
			name = Release;
		};
		6FF9705423E97288001B8D71 /* Debug */ = {
			isa = XCBuildConfiguration;
			buildSettings = {
				ASSETCATALOG_COMPILER_APPICON_NAME = AppIcon;
				CODE_SIGN_STYLE = Automatic;
				INFOPLIST_FILE = TechPod/Info.plist;
				LD_RUNPATH_SEARCH_PATHS = (
					"$(inherited)",
					"@executable_path/Frameworks",
				);
				PRODUCT_BUNDLE_IDENTIFIER = lifeistech.TechPod;
				PRODUCT_NAME = "$(TARGET_NAME)";
				SWIFT_VERSION = 4.2;
				TARGETED_DEVICE_FAMILY = "1,2";
			};
			name = Debug;
		};
		6FF9705523E97288001B8D71 /* Release */ = {
			isa = XCBuildConfiguration;
			buildSettings = {
				ASSETCATALOG_COMPILER_APPICON_NAME = AppIcon;
				CODE_SIGN_STYLE = Automatic;
				INFOPLIST_FILE = TechPod/Info.plist;
				LD_RUNPATH_SEARCH_PATHS = (
					"$(inherited)",
					"@executable_path/Frameworks",
				);
				PRODUCT_BUNDLE_IDENTIFIER = lifeistech.TechPod;
				PRODUCT_NAME = "$(TARGET_NAME)";
				SWIFT_VERSION = 4.2;
				TARGETED_DEVICE_FAMILY = "1,2";
			};
			name = Release;
		};
		6FF9705723E97288001B8D71 /* Debug */ = {
			isa = XCBuildConfiguration;
			buildSettings = {
				ALWAYS_EMBED_SWIFT_STANDARD_LIBRARIES = YES;
				BUNDLE_LOADER = "$(TEST_HOST)";
				CODE_SIGN_STYLE = Automatic;
				INFOPLIST_FILE = TechPodTests/Info.plist;
				LD_RUNPATH_SEARCH_PATHS = (
					"$(inherited)",
					"@executable_path/Frameworks",
					"@loader_path/Frameworks",
				);
				PRODUCT_BUNDLE_IDENTIFIER = lifeistech.TechPodTests;
				PRODUCT_NAME = "$(TARGET_NAME)";
				SWIFT_VERSION = 4.2;
				TARGETED_DEVICE_FAMILY = "1,2";
				TEST_HOST = "$(BUILT_PRODUCTS_DIR)/TechPod.app/TechPod";
			};
			name = Debug;
		};
		6FF9705823E97288001B8D71 /* Release */ = {
			isa = XCBuildConfiguration;
			buildSettings = {
				ALWAYS_EMBED_SWIFT_STANDARD_LIBRARIES = YES;
				BUNDLE_LOADER = "$(TEST_HOST)";
				CODE_SIGN_STYLE = Automatic;
				INFOPLIST_FILE = TechPodTests/Info.plist;
				LD_RUNPATH_SEARCH_PATHS = (
					"$(inherited)",
					"@executable_path/Frameworks",
					"@loader_path/Frameworks",
				);
				PRODUCT_BUNDLE_IDENTIFIER = lifeistech.TechPodTests;
				PRODUCT_NAME = "$(TARGET_NAME)";
				SWIFT_VERSION = 4.2;
				TARGETED_DEVICE_FAMILY = "1,2";
				TEST_HOST = "$(BUILT_PRODUCTS_DIR)/TechPod.app/TechPod";
			};
			name = Release;
		};
		6FF9705A23E97288001B8D71 /* Debug */ = {
			isa = XCBuildConfiguration;
			buildSettings = {
				ALWAYS_EMBED_SWIFT_STANDARD_LIBRARIES = YES;
				CODE_SIGN_STYLE = Automatic;
				INFOPLIST_FILE = TechPodUITests/Info.plist;
				LD_RUNPATH_SEARCH_PATHS = (
					"$(inherited)",
					"@executable_path/Frameworks",
					"@loader_path/Frameworks",
				);
				PRODUCT_BUNDLE_IDENTIFIER = lifeistech.TechPodUITests;
				PRODUCT_NAME = "$(TARGET_NAME)";
				SWIFT_VERSION = 4.2;
				TARGETED_DEVICE_FAMILY = "1,2";
				TEST_TARGET_NAME = TechPod;
			};
			name = Debug;
		};
		6FF9705B23E97288001B8D71 /* Release */ = {
			isa = XCBuildConfiguration;
			buildSettings = {
				ALWAYS_EMBED_SWIFT_STANDARD_LIBRARIES = YES;
				CODE_SIGN_STYLE = Automatic;
				INFOPLIST_FILE = TechPodUITests/Info.plist;
				LD_RUNPATH_SEARCH_PATHS = (
					"$(inherited)",
					"@executable_path/Frameworks",
					"@loader_path/Frameworks",
				);
				PRODUCT_BUNDLE_IDENTIFIER = lifeistech.TechPodUITests;
				PRODUCT_NAME = "$(TARGET_NAME)";
				SWIFT_VERSION = 4.2;
				TARGETED_DEVICE_FAMILY = "1,2";
				TEST_TARGET_NAME = TechPod;
			};
			name = Release;
		};
/* End XCBuildConfiguration section */

/* Begin XCConfigurationList section */
		6FF9702623E97281001B8D71 /* Build configuration list for PBXProject "TechPod" */ = {
			isa = XCConfigurationList;
			buildConfigurations = (
				6FF9705123E97288001B8D71 /* Debug */,
				6FF9705223E97288001B8D71 /* Release */,
			);
			defaultConfigurationIsVisible = 0;
			defaultConfigurationName = Release;
		};
		6FF9705323E97288001B8D71 /* Build configuration list for PBXNativeTarget "TechPod" */ = {
			isa = XCConfigurationList;
			buildConfigurations = (
				6FF9705423E97288001B8D71 /* Debug */,
				6FF9705523E97288001B8D71 /* Release */,
			);
			defaultConfigurationIsVisible = 0;
			defaultConfigurationName = Release;
		};
		6FF9705623E97288001B8D71 /* Build configuration list for PBXNativeTarget "TechPodTests" */ = {
			isa = XCConfigurationList;
			buildConfigurations = (
				6FF9705723E97288001B8D71 /* Debug */,
				6FF9705823E97288001B8D71 /* Release */,
			);
			defaultConfigurationIsVisible = 0;
			defaultConfigurationName = Release;
		};
		6FF9705923E97288001B8D71 /* Build configuration list for PBXNativeTarget "TechPodUITests" */ = {
			isa = XCConfigurationList;
			buildConfigurations = (
				6FF9705A23E97288001B8D71 /* Debug */,
				6FF9705B23E97288001B8D71 /* Release */,
			);
			defaultConfigurationIsVisible = 0;
			defaultConfigurationName = Release;
		};
/* End XCConfigurationList section */
	};
	rootObject = 6FF9702323E97281001B8D71 /* Project object */;
}
